
Microsoft Visual Studio Solution File, Format Version 12.00
# Visual Studio Version 17
VisualStudioVersion = 17.5.2.0
MinimumVisualStudioVersion = 10.0.40219.1
Project("{FAE04EC0-301F-11D3-BF4B-00C04F79EFBC}") = "LowLevelArrays", "Arrays\LowLevelArrays.csproj", "{E7BF3781-55D0-DEB5-6F67-2A25ECDD1333}"
EndProject
Project("{2150E333-8FDC-42A3-9474-1A3956D46DE8}") = "LinkedLists", "LinkedLists", "{D81E4FCD-3F14-31D9-F23C-C1AE5151BB66}"
EndProject
Project("{FAE04EC0-301F-11D3-BF4B-00C04F79EFBC}") = "LowLevelLinkedLists", "LinkedLists\LowLevelLinkedLists.csproj", "{319C7546-BB53-4420-A64E-952095F93A45}"
EndProject
Global
	GlobalSection(SolutionConfigurationPlatforms) = preSolution
		Debug|Any CPU = Debug|Any CPU
		Debug|x64 = Debug|x64
		Debug|x86 = Debug|x86
		Release|Any CPU = Release|Any CPU
		Release|x64 = Release|x64
		Release|x86 = Release|x86
	EndGlobalSection
	GlobalSection(ProjectConfigurationPlatforms) = postSolution
		{E7BF3781-55D0-DEB5-6F67-2A25ECDD1333}.Debug|Any CPU.ActiveCfg = Debug|Any CPU
		{E7BF3781-55D0-DEB5-6F67-2A25ECDD1333}.Debug|Any CPU.Build.0 = Debug|Any CPU
		{E7BF3781-55D0-DEB5-6F67-2A25ECDD1333}.Debug|x64.ActiveCfg = Debug|Any CPU
		{E7BF3781-55D0-DEB5-6F67-2A25ECDD1333}.Debug|x64.Build.0 = Debug|Any CPU
		{E7BF3781-55D0-DEB5-6F67-2A25ECDD1333}.Debug|x86.ActiveCfg = Debug|Any CPU
		{E7BF3781-55D0-DEB5-6F67-2A25ECDD1333}.Debug|x86.Build.0 = Debug|Any CPU
		{E7BF3781-55D0-DEB5-6F67-2A25ECDD1333}.Release|Any CPU.ActiveCfg = Release|Any CPU
		{E7BF3781-55D0-DEB5-6F67-2A25ECDD1333}.Release|Any CPU.Build.0 = Release|Any CPU
		{E7BF3781-55D0-DEB5-6F67-2A25ECDD1333}.Release|x64.ActiveCfg = Release|Any CPU
		{E7BF3781-55D0-DEB5-6F67-2A25ECDD1333}.Release|x64.Build.0 = Release|Any CPU
		{E7BF3781-55D0-DEB5-6F67-2A25ECDD1333}.Release|x86.ActiveCfg = Release|Any CPU
		{E7BF3781-55D0-DEB5-6F67-2A25ECDD1333}.Release|x86.Build.0 = Release|Any CPU
		{319C7546-BB53-4420-A64E-952095F93A45}.Debug|Any CPU.ActiveCfg = Debug|Any CPU
		{319C7546-BB53-4420-A64E-952095F93A45}.Debug|Any CPU.Build.0 = Debug|Any CPU
		{319C7546-BB53-4420-A64E-952095F93A45}.Debug|x64.ActiveCfg = Debug|Any CPU
		{319C7546-BB53-4420-A64E-952095F93A45}.Debug|x64.Build.0 = Debug|Any CPU
		{319C7546-BB53-4420-A64E-952095F93A45}.Debug|x86.ActiveCfg = Debug|Any CPU
		{319C7546-BB53-4420-A64E-952095F93A45}.Debug|x86.Build.0 = Debug|Any CPU
		{319C7546-BB53-4420-A64E-952095F93A45}.Release|Any CPU.ActiveCfg = Release|Any CPU
		{319C7546-BB53-4420-A64E-952095F93A45}.Release|Any CPU.Build.0 = Release|Any CPU
		{319C7546-BB53-4420-A64E-952095F93A45}.Release|x64.ActiveCfg = Release|Any CPU
		{319C7546-BB53-4420-A64E-952095F93A45}.Release|x64.Build.0 = Release|Any CPU
		{319C7546-BB53-4420-A64E-952095F93A45}.Release|x86.ActiveCfg = Release|Any CPU
		{319C7546-BB53-4420-A64E-952095F93A45}.Release|x86.Build.0 = Release|Any CPU
	EndGlobalSection
	GlobalSection(SolutionProperties) = preSolution
		HideSolutionNode = FALSE
	EndGlobalSection
	GlobalSection(NestedProjects) = preSolution
		{319C7546-BB53-4420-A64E-952095F93A45} = {D81E4FCD-3F14-31D9-F23C-C1AE5151BB66}
	EndGlobalSection
	GlobalSection(ExtensibilityGlobals) = postSolution
		SolutionGuid = {10BE107D-1ACD-4397-A825-5041968E2F38}
	EndGlobalSection
EndGlobal
